// !$*UTF8*$!
{
	archiveVersion = 1;
	classes = {
	};
	objectVersion = 52;
	objects = {

/* Begin PBXBuildFile section */
		F87611D62718103D0002C4E3 /* Task+CoreDataClass.swift in Sources */ = {isa = PBXBuildFile; fileRef = F87611D42718103D0002C4E3 /* Task+CoreDataClass.swift */; };
		F87611F7271825EA0002C4E3 /* AppContainer.swift in Sources */ = {isa = PBXBuildFile; fileRef = F87611F6271825EA0002C4E3 /* AppContainer.swift */; };
		F87611FC271825FE0002C4E3 /* AppRouter.swift in Sources */ = {isa = PBXBuildFile; fileRef = F87611FB271825FE0002C4E3 /* AppRouter.swift */; };
		F87612D527196D730002C4E3 /* TaskDetailViewController.swift in Sources */ = {isa = PBXBuildFile; fileRef = F87612D327196D730002C4E3 /* TaskDetailViewController.swift */; };
		F87612D627196D730002C4E3 /* TaskDetailViewController.xib in Resources */ = {isa = PBXBuildFile; fileRef = F87612D427196D730002C4E3 /* TaskDetailViewController.xib */; };
		F87612DB27196D7E0002C4E3 /* TaskDetailBuilder.swift in Sources */ = {isa = PBXBuildFile; fileRef = F87612DA27196D7E0002C4E3 /* TaskDetailBuilder.swift */; };
		F87612E027196D8C0002C4E3 /* TaskDetailContracts.swift in Sources */ = {isa = PBXBuildFile; fileRef = F87612DF27196D8C0002C4E3 /* TaskDetailContracts.swift */; };
		F87612E527196D9B0002C4E3 /* TaskDetailPresentation.swift in Sources */ = {isa = PBXBuildFile; fileRef = F87612E427196D9B0002C4E3 /* TaskDetailPresentation.swift */; };
		F87612EA27196DA80002C4E3 /* TaskDetailViewModel.swift in Sources */ = {isa = PBXBuildFile; fileRef = F87612E927196DA80002C4E3 /* TaskDetailViewModel.swift */; };
		F8CA0DBD271F55F000D76F21 /* NotificationManager.swift in Sources */ = {isa = PBXBuildFile; fileRef = F8CA0DBC271F55F000D76F21 /* NotificationManager.swift */; };
		F8D022D52720045700C10BD1 /* Task+CoreDataProperties.swift in Sources */ = {isa = PBXBuildFile; fileRef = F8D022D42720045700C10BD1 /* Task+CoreDataProperties.swift */; };
		F8D022ED27208C1C00C10BD1 /* SplashScreenViewController.swift in Sources */ = {isa = PBXBuildFile; fileRef = F8D022EC27208C1C00C10BD1 /* SplashScreenViewController.swift */; };
		F8D022F32720973800C10BD1 /* Hero in Frameworks */ = {isa = PBXBuildFile; productRef = F8D022F22720973800C10BD1 /* Hero */; };
		F8D022F42720973800C10BD1 /* Hero in Embed Frameworks */ = {isa = PBXBuildFile; productRef = F8D022F22720973800C10BD1 /* Hero */; settings = {ATTRIBUTES = (CodeSignOnCopy, ); }; };
		F8D022FF27213E9D00C10BD1 /* SplashBuilder.swift in Sources */ = {isa = PBXBuildFile; fileRef = F8D022FE27213E9D00C10BD1 /* SplashBuilder.swift */; };
		F8E38D2E27137A6800639F40 /* AppDelegate.swift in Sources */ = {isa = PBXBuildFile; fileRef = F8E38D2D27137A6800639F40 /* AppDelegate.swift */; };
		F8E38D3027137A6800639F40 /* SceneDelegate.swift in Sources */ = {isa = PBXBuildFile; fileRef = F8E38D2F27137A6800639F40 /* SceneDelegate.swift */; };
		F8E38D3227137A6800639F40 /* TaskListViewController.swift in Sources */ = {isa = PBXBuildFile; fileRef = F8E38D3127137A6800639F40 /* TaskListViewController.swift */; };
		F8E38D3827137A6800639F40 /* Todo.xcdatamodeld in Sources */ = {isa = PBXBuildFile; fileRef = F8E38D3627137A6800639F40 /* Todo.xcdatamodeld */; };
		F8E38D3A27137A6900639F40 /* Assets.xcassets in Resources */ = {isa = PBXBuildFile; fileRef = F8E38D3927137A6900639F40 /* Assets.xcassets */; };
		F8E38D3D27137A6900639F40 /* LaunchScreen.storyboard in Resources */ = {isa = PBXBuildFile; fileRef = F8E38D3B27137A6900639F40 /* LaunchScreen.storyboard */; };
		F8E38D4827137A6900639F40 /* TodoTests.swift in Sources */ = {isa = PBXBuildFile; fileRef = F8E38D4727137A6900639F40 /* TodoTests.swift */; };
		F8E38D5327137A6900639F40 /* TodoUITests.swift in Sources */ = {isa = PBXBuildFile; fileRef = F8E38D5227137A6900639F40 /* TodoUITests.swift */; };
		F8E38D7927137D9300639F40 /* TodoList.storyboard in Resources */ = {isa = PBXBuildFile; fileRef = F8E38D7B27137D9300639F40 /* TodoList.storyboard */; };
		F8E38D942713855300639F40 /* TaskListPresentation.swift in Sources */ = {isa = PBXBuildFile; fileRef = F8E38D932713855300639F40 /* TaskListPresentation.swift */; };
		F8E38D992713855E00639F40 /* TaskListBuilder.swift in Sources */ = {isa = PBXBuildFile; fileRef = F8E38D982713855E00639F40 /* TaskListBuilder.swift */; };
		F8E38D9E2713856C00639F40 /* TaskListContracts.swift in Sources */ = {isa = PBXBuildFile; fileRef = F8E38D9D2713856C00639F40 /* TaskListContracts.swift */; };
		F8E38DA32713857900639F40 /* TaskListInteractor.swift in Sources */ = {isa = PBXBuildFile; fileRef = F8E38DA22713857900639F40 /* TaskListInteractor.swift */; };
		F8E38DA82713858600639F40 /* TaskListPresenter.swift in Sources */ = {isa = PBXBuildFile; fileRef = F8E38DA72713858600639F40 /* TaskListPresenter.swift */; };
		F8E38DAD271385A500639F40 /* TaskListRouter.swift in Sources */ = {isa = PBXBuildFile; fileRef = F8E38DAC271385A500639F40 /* TaskListRouter.swift */; };
		F8E38DBC27138D2200639F40 /* CoreDataManager.swift in Sources */ = {isa = PBXBuildFile; fileRef = F8E38DBB27138D2200639F40 /* CoreDataManager.swift */; };
		F8F6F8F7271D9383006BC29E /* DateFormatter+Extensions.swift in Sources */ = {isa = PBXBuildFile; fileRef = F8F6F8F6271D9383006BC29E /* DateFormatter+Extensions.swift */; };
		F8F6F911271EC07D006BC29E /* NotificationExtension.swift in Sources */ = {isa = PBXBuildFile; fileRef = F8F6F910271EC07D006BC29E /* NotificationExtension.swift */; };
/* End PBXBuildFile section */

/* Begin PBXContainerItemProxy section */
		F8E38D4427137A6900639F40 /* PBXContainerItemProxy */ = {
			isa = PBXContainerItemProxy;
			containerPortal = F8E38D2227137A6800639F40 /* Project object */;
			proxyType = 1;
			remoteGlobalIDString = F8E38D2927137A6800639F40;
			remoteInfo = Todo;
		};
		F8E38D4F27137A6900639F40 /* PBXContainerItemProxy */ = {
			isa = PBXContainerItemProxy;
			containerPortal = F8E38D2227137A6800639F40 /* Project object */;
			proxyType = 1;
			remoteGlobalIDString = F8E38D2927137A6800639F40;
			remoteInfo = Todo;
		};
/* End PBXContainerItemProxy section */

/* Begin PBXCopyFilesBuildPhase section */
		F8D022F52720973900C10BD1 /* Embed Frameworks */ = {
			isa = PBXCopyFilesBuildPhase;
			buildActionMask = 2147483647;
			dstPath = "";
			dstSubfolderSpec = 10;
			files = (
				F8D022F42720973800C10BD1 /* Hero in Embed Frameworks */,
			);
			name = "Embed Frameworks";
			runOnlyForDeploymentPostprocessing = 0;
		};
/* End PBXCopyFilesBuildPhase section */

/* Begin PBXFileReference section */
		F87611D42718103D0002C4E3 /* Task+CoreDataClass.swift */ = {isa = PBXFileReference; lastKnownFileType = sourcecode.swift; name = "Task+CoreDataClass.swift"; path = "../../Task+CoreDataClass.swift"; sourceTree = "<group>"; };
		F87611F6271825EA0002C4E3 /* AppContainer.swift */ = {isa = PBXFileReference; lastKnownFileType = sourcecode.swift; path = AppContainer.swift; sourceTree = "<group>"; };
		F87611FB271825FE0002C4E3 /* AppRouter.swift */ = {isa = PBXFileReference; lastKnownFileType = sourcecode.swift; path = AppRouter.swift; sourceTree = "<group>"; };
		F87612D327196D730002C4E3 /* TaskDetailViewController.swift */ = {isa = PBXFileReference; lastKnownFileType = sourcecode.swift; path = TaskDetailViewController.swift; sourceTree = "<group>"; };
		F87612D427196D730002C4E3 /* TaskDetailViewController.xib */ = {isa = PBXFileReference; lastKnownFileType = file.xib; path = TaskDetailViewController.xib; sourceTree = "<group>"; };
		F87612DA27196D7E0002C4E3 /* TaskDetailBuilder.swift */ = {isa = PBXFileReference; lastKnownFileType = sourcecode.swift; path = TaskDetailBuilder.swift; sourceTree = "<group>"; };
		F87612DF27196D8C0002C4E3 /* TaskDetailContracts.swift */ = {isa = PBXFileReference; lastKnownFileType = sourcecode.swift; path = TaskDetailContracts.swift; sourceTree = "<group>"; };
		F87612E427196D9B0002C4E3 /* TaskDetailPresentation.swift */ = {isa = PBXFileReference; lastKnownFileType = sourcecode.swift; path = TaskDetailPresentation.swift; sourceTree = "<group>"; };
		F87612E927196DA80002C4E3 /* TaskDetailViewModel.swift */ = {isa = PBXFileReference; lastKnownFileType = sourcecode.swift; path = TaskDetailViewModel.swift; sourceTree = "<group>"; };
		F8CA0DBC271F55F000D76F21 /* NotificationManager.swift */ = {isa = PBXFileReference; lastKnownFileType = sourcecode.swift; path = NotificationManager.swift; sourceTree = "<group>"; };
		F8D022D42720045700C10BD1 /* Task+CoreDataProperties.swift */ = {isa = PBXFileReference; lastKnownFileType = sourcecode.swift; name = "Task+CoreDataProperties.swift"; path = "../../Task+CoreDataProperties.swift"; sourceTree = "<group>"; };
		F8D022EC27208C1C00C10BD1 /* SplashScreenViewController.swift */ = {isa = PBXFileReference; lastKnownFileType = sourcecode.swift; path = SplashScreenViewController.swift; sourceTree = "<group>"; };
		F8D022FE27213E9D00C10BD1 /* SplashBuilder.swift */ = {isa = PBXFileReference; lastKnownFileType = sourcecode.swift; path = SplashBuilder.swift; sourceTree = "<group>"; };
		F8E38D2A27137A6800639F40 /* Todo.app */ = {isa = PBXFileReference; explicitFileType = wrapper.application; includeInIndex = 0; path = Todo.app; sourceTree = BUILT_PRODUCTS_DIR; };
		F8E38D2D27137A6800639F40 /* AppDelegate.swift */ = {isa = PBXFileReference; lastKnownFileType = sourcecode.swift; path = AppDelegate.swift; sourceTree = "<group>"; };
		F8E38D2F27137A6800639F40 /* SceneDelegate.swift */ = {isa = PBXFileReference; lastKnownFileType = sourcecode.swift; path = SceneDelegate.swift; sourceTree = "<group>"; };
		F8E38D3127137A6800639F40 /* TaskListViewController.swift */ = {isa = PBXFileReference; lastKnownFileType = sourcecode.swift; path = TaskListViewController.swift; sourceTree = "<group>"; };
		F8E38D3727137A6800639F40 /* Todo.xcdatamodel */ = {isa = PBXFileReference; lastKnownFileType = wrapper.xcdatamodel; path = Todo.xcdatamodel; sourceTree = "<group>"; };
		F8E38D3927137A6900639F40 /* Assets.xcassets */ = {isa = PBXFileReference; lastKnownFileType = folder.assetcatalog; path = Assets.xcassets; sourceTree = "<group>"; };
		F8E38D3C27137A6900639F40 /* Base */ = {isa = PBXFileReference; lastKnownFileType = file.storyboard; name = Base; path = Base.lproj/LaunchScreen.storyboard; sourceTree = "<group>"; };
		F8E38D3E27137A6900639F40 /* Info.plist */ = {isa = PBXFileReference; lastKnownFileType = text.plist.xml; path = Info.plist; sourceTree = "<group>"; };
		F8E38D4327137A6900639F40 /* TodoTests.xctest */ = {isa = PBXFileReference; explicitFileType = wrapper.cfbundle; includeInIndex = 0; path = TodoTests.xctest; sourceTree = BUILT_PRODUCTS_DIR; };
		F8E38D4727137A6900639F40 /* TodoTests.swift */ = {isa = PBXFileReference; lastKnownFileType = sourcecode.swift; path = TodoTests.swift; sourceTree = "<group>"; };
		F8E38D4927137A6900639F40 /* Info.plist */ = {isa = PBXFileReference; lastKnownFileType = text.plist.xml; path = Info.plist; sourceTree = "<group>"; };
		F8E38D4E27137A6900639F40 /* TodoUITests.xctest */ = {isa = PBXFileReference; explicitFileType = wrapper.cfbundle; includeInIndex = 0; path = TodoUITests.xctest; sourceTree = BUILT_PRODUCTS_DIR; };
		F8E38D5227137A6900639F40 /* TodoUITests.swift */ = {isa = PBXFileReference; lastKnownFileType = sourcecode.swift; path = TodoUITests.swift; sourceTree = "<group>"; };
		F8E38D5427137A6900639F40 /* Info.plist */ = {isa = PBXFileReference; lastKnownFileType = text.plist.xml; path = Info.plist; sourceTree = "<group>"; };
		F8E38D7A27137D9300639F40 /* Base */ = {isa = PBXFileReference; lastKnownFileType = file.storyboard; name = Base; path = Base.lproj/TodoList.storyboard; sourceTree = "<group>"; };
		F8E38D932713855300639F40 /* TaskListPresentation.swift */ = {isa = PBXFileReference; lastKnownFileType = sourcecode.swift; path = TaskListPresentation.swift; sourceTree = "<group>"; };
		F8E38D982713855E00639F40 /* TaskListBuilder.swift */ = {isa = PBXFileReference; lastKnownFileType = sourcecode.swift; path = TaskListBuilder.swift; sourceTree = "<group>"; };
		F8E38D9D2713856C00639F40 /* TaskListContracts.swift */ = {isa = PBXFileReference; lastKnownFileType = sourcecode.swift; path = TaskListContracts.swift; sourceTree = "<group>"; };
		F8E38DA22713857900639F40 /* TaskListInteractor.swift */ = {isa = PBXFileReference; lastKnownFileType = sourcecode.swift; path = TaskListInteractor.swift; sourceTree = "<group>"; };
		F8E38DA72713858600639F40 /* TaskListPresenter.swift */ = {isa = PBXFileReference; lastKnownFileType = sourcecode.swift; path = TaskListPresenter.swift; sourceTree = "<group>"; };
		F8E38DAC271385A500639F40 /* TaskListRouter.swift */ = {isa = PBXFileReference; lastKnownFileType = sourcecode.swift; path = TaskListRouter.swift; sourceTree = "<group>"; };
		F8E38DBB27138D2200639F40 /* CoreDataManager.swift */ = {isa = PBXFileReference; lastKnownFileType = sourcecode.swift; path = CoreDataManager.swift; sourceTree = "<group>"; };
		F8F6F8F6271D9383006BC29E /* DateFormatter+Extensions.swift */ = {isa = PBXFileReference; lastKnownFileType = sourcecode.swift; path = "DateFormatter+Extensions.swift"; sourceTree = "<group>"; };
		F8F6F910271EC07D006BC29E /* NotificationExtension.swift */ = {isa = PBXFileReference; lastKnownFileType = sourcecode.swift; path = NotificationExtension.swift; sourceTree = "<group>"; };
/* End PBXFileReference section */

/* Begin PBXFrameworksBuildPhase section */
		F8E38D2727137A6800639F40 /* Frameworks */ = {
			isa = PBXFrameworksBuildPhase;
			buildActionMask = 2147483647;
			files = (
				F8D022F32720973800C10BD1 /* Hero in Frameworks */,
			);
			runOnlyForDeploymentPostprocessing = 0;
		};
		F8E38D4027137A6900639F40 /* Frameworks */ = {
			isa = PBXFrameworksBuildPhase;
			buildActionMask = 2147483647;
			files = (
			);
			runOnlyForDeploymentPostprocessing = 0;
		};
		F8E38D4B27137A6900639F40 /* Frameworks */ = {
			isa = PBXFrameworksBuildPhase;
			buildActionMask = 2147483647;
			files = (
			);
			runOnlyForDeploymentPostprocessing = 0;
		};
/* End PBXFrameworksBuildPhase section */

/* Begin PBXGroup section */
		F8B98D812716DFF500681C4E /* Model */ = {
			isa = PBXGroup;
			children = (
				F87611D42718103D0002C4E3 /* Task+CoreDataClass.swift */,
				F8E38D3627137A6800639F40 /* Todo.xcdatamodeld */,
				F8D022D42720045700C10BD1 /* Task+CoreDataProperties.swift */,
			);
			path = Model;
			sourceTree = "<group>";
		};
		F8CA0DBB271F55D700D76F21 /* Notification */ = {
			isa = PBXGroup;
			children = (
				F8CA0DBC271F55F000D76F21 /* NotificationManager.swift */,
			);
			path = Notification;
			sourceTree = "<group>";
		};
		F8D022EB27208BE300C10BD1 /* Splash */ = {
			isa = PBXGroup;
			children = (
				F8D022EC27208C1C00C10BD1 /* SplashScreenViewController.swift */,
				F8D022FE27213E9D00C10BD1 /* SplashBuilder.swift */,
			);
			path = Splash;
			sourceTree = "<group>";
		};
		F8E38D2127137A6800639F40 = {
			isa = PBXGroup;
			children = (
				F8E38D2C27137A6800639F40 /* Todo */,
				F8E38D4627137A6900639F40 /* TodoTests */,
				F8E38D5127137A6900639F40 /* TodoUITests */,
				F8E38D2B27137A6800639F40 /* Products */,
			);
			sourceTree = "<group>";
		};
		F8E38D2B27137A6800639F40 /* Products */ = {
			isa = PBXGroup;
			children = (
				F8E38D2A27137A6800639F40 /* Todo.app */,
				F8E38D4327137A6900639F40 /* TodoTests.xctest */,
				F8E38D4E27137A6900639F40 /* TodoUITests.xctest */,
			);
			name = Products;
			sourceTree = "<group>";
		};
		F8E38D2C27137A6800639F40 /* Todo */ = {
			isa = PBXGroup;
			children = (
				F8D022EB27208BE300C10BD1 /* Splash */,
				F8E38D2D27137A6800639F40 /* AppDelegate.swift */,
				F8E38D2F27137A6800639F40 /* SceneDelegate.swift */,
				F87611F6271825EA0002C4E3 /* AppContainer.swift */,
				F87611FB271825FE0002C4E3 /* AppRouter.swift */,
				F8F6F8F5271D9355006BC29E /* Extensions */,
				F8B98D812716DFF500681C4E /* Model */,
				F8CA0DBB271F55D700D76F21 /* Notification */,
				F8E38DB12713870200639F40 /* CoreData */,
				F8E38D6327137A8E00639F40 /* TodoList */,
				F8E38D6427137AAA00639F40 /* TodoDetail */,
				F8E38D3B27137A6900639F40 /* LaunchScreen.storyboard */,
				F8E38D3927137A6900639F40 /* Assets.xcassets */,
				F8E38D3E27137A6900639F40 /* Info.plist */,
			);
			path = Todo;
			sourceTree = "<group>";
		};
		F8E38D4627137A6900639F40 /* TodoTests */ = {
			isa = PBXGroup;
			children = (
				F8E38D4727137A6900639F40 /* TodoTests.swift */,
				F8E38D4927137A6900639F40 /* Info.plist */,
			);
			path = TodoTests;
			sourceTree = "<group>";
		};
		F8E38D5127137A6900639F40 /* TodoUITests */ = {
			isa = PBXGroup;
			children = (
				F8E38D5227137A6900639F40 /* TodoUITests.swift */,
				F8E38D5427137A6900639F40 /* Info.plist */,
			);
			path = TodoUITests;
			sourceTree = "<group>";
		};
		F8E38D6327137A8E00639F40 /* TodoList */ = {
			isa = PBXGroup;
			children = (
				F8E38D3127137A6800639F40 /* TaskListViewController.swift */,
				F8E38D7B27137D9300639F40 /* TodoList.storyboard */,
				F8E38D932713855300639F40 /* TaskListPresentation.swift */,
				F8E38D982713855E00639F40 /* TaskListBuilder.swift */,
				F8E38D9D2713856C00639F40 /* TaskListContracts.swift */,
				F8E38DA22713857900639F40 /* TaskListInteractor.swift */,
				F8E38DA72713858600639F40 /* TaskListPresenter.swift */,
				F8E38DAC271385A500639F40 /* TaskListRouter.swift */,
			);
			path = TodoList;
			sourceTree = "<group>";
		};
		F8E38D6427137AAA00639F40 /* TodoDetail */ = {
			isa = PBXGroup;
			children = (
				F87612D327196D730002C4E3 /* TaskDetailViewController.swift */,
				F87612D427196D730002C4E3 /* TaskDetailViewController.xib */,
				F87612DA27196D7E0002C4E3 /* TaskDetailBuilder.swift */,
				F87612DF27196D8C0002C4E3 /* TaskDetailContracts.swift */,
				F87612E427196D9B0002C4E3 /* TaskDetailPresentation.swift */,
				F87612E927196DA80002C4E3 /* TaskDetailViewModel.swift */,
			);
			path = TodoDetail;
			sourceTree = "<group>";
		};
		F8E38DB12713870200639F40 /* CoreData */ = {
			isa = PBXGroup;
			children = (
				F8E38DBB27138D2200639F40 /* CoreDataManager.swift */,
			);
			path = CoreData;
			sourceTree = "<group>";
		};
		F8F6F8F5271D9355006BC29E /* Extensions */ = {
			isa = PBXGroup;
			children = (
				F8F6F8F6271D9383006BC29E /* DateFormatter+Extensions.swift */,
				F8F6F910271EC07D006BC29E /* NotificationExtension.swift */,
			);
			path = Extensions;
			sourceTree = "<group>";
		};
/* End PBXGroup section */

/* Begin PBXNativeTarget section */
		F8E38D2927137A6800639F40 /* Todo */ = {
			isa = PBXNativeTarget;
			buildConfigurationList = F8E38D5727137A6900639F40 /* Build configuration list for PBXNativeTarget "Todo" */;
			buildPhases = (
				F8E38D2627137A6800639F40 /* Sources */,
				F8E38D2727137A6800639F40 /* Frameworks */,
				F8E38D2827137A6800639F40 /* Resources */,
				F8D022F52720973900C10BD1 /* Embed Frameworks */,
			);
			buildRules = (
			);
			dependencies = (
			);
			name = Todo;
			packageProductDependencies = (
				F8D022F22720973800C10BD1 /* Hero */,
			);
			productName = Todo;
			productReference = F8E38D2A27137A6800639F40 /* Todo.app */;
			productType = "com.apple.product-type.application";
		};
		F8E38D4227137A6900639F40 /* TodoTests */ = {
			isa = PBXNativeTarget;
			buildConfigurationList = F8E38D5A27137A6900639F40 /* Build configuration list for PBXNativeTarget "TodoTests" */;
			buildPhases = (
				F8E38D3F27137A6900639F40 /* Sources */,
				F8E38D4027137A6900639F40 /* Frameworks */,
				F8E38D4127137A6900639F40 /* Resources */,
			);
			buildRules = (
			);
			dependencies = (
				F8E38D4527137A6900639F40 /* PBXTargetDependency */,
			);
			name = TodoTests;
			productName = TodoTests;
			productReference = F8E38D4327137A6900639F40 /* TodoTests.xctest */;
			productType = "com.apple.product-type.bundle.unit-test";
		};
		F8E38D4D27137A6900639F40 /* TodoUITests */ = {
			isa = PBXNativeTarget;
			buildConfigurationList = F8E38D5D27137A6900639F40 /* Build configuration list for PBXNativeTarget "TodoUITests" */;
			buildPhases = (
				F8E38D4A27137A6900639F40 /* Sources */,
				F8E38D4B27137A6900639F40 /* Frameworks */,
				F8E38D4C27137A6900639F40 /* Resources */,
			);
			buildRules = (
			);
			dependencies = (
				F8E38D5027137A6900639F40 /* PBXTargetDependency */,
			);
			name = TodoUITests;
			productName = TodoUITests;
			productReference = F8E38D4E27137A6900639F40 /* TodoUITests.xctest */;
			productType = "com.apple.product-type.bundle.ui-testing";
		};
/* End PBXNativeTarget section */

/* Begin PBXProject section */
		F8E38D2227137A6800639F40 /* Project object */ = {
			isa = PBXProject;
			attributes = {
				LastSwiftUpdateCheck = 1240;
				LastUpgradeCheck = 1240;
				TargetAttributes = {
					F8E38D2927137A6800639F40 = {
						CreatedOnToolsVersion = 12.4;
					};
					F8E38D4227137A6900639F40 = {
						CreatedOnToolsVersion = 12.4;
						TestTargetID = F8E38D2927137A6800639F40;
					};
					F8E38D4D27137A6900639F40 = {
						CreatedOnToolsVersion = 12.4;
						TestTargetID = F8E38D2927137A6800639F40;
					};
				};
			};
			buildConfigurationList = F8E38D2527137A6800639F40 /* Build configuration list for PBXProject "Todo" */;
			compatibilityVersion = "Xcode 9.3";
			developmentRegion = en;
			hasScannedForEncodings = 0;
			knownRegions = (
				en,
				Base,
			);
			mainGroup = F8E38D2127137A6800639F40;
			packageReferences = (
				F8D022F12720973800C10BD1 /* XCRemoteSwiftPackageReference "Hero" */,
			);
			productRefGroup = F8E38D2B27137A6800639F40 /* Products */;
			projectDirPath = "";
			projectRoot = "";
			targets = (
				F8E38D2927137A6800639F40 /* Todo */,
				F8E38D4227137A6900639F40 /* TodoTests */,
				F8E38D4D27137A6900639F40 /* TodoUITests */,
			);
		};
/* End PBXProject section */

/* Begin PBXResourcesBuildPhase section */
		F8E38D2827137A6800639F40 /* Resources */ = {
			isa = PBXResourcesBuildPhase;
			buildActionMask = 2147483647;
			files = (
				F8E38D7927137D9300639F40 /* TodoList.storyboard in Resources */,
				F8E38D3D27137A6900639F40 /* LaunchScreen.storyboard in Resources */,
				F87612D627196D730002C4E3 /* TaskDetailViewController.xib in Resources */,
				F8E38D3A27137A6900639F40 /* Assets.xcassets in Resources */,
			);
			runOnlyForDeploymentPostprocessing = 0;
		};
		F8E38D4127137A6900639F40 /* Resources */ = {
			isa = PBXResourcesBuildPhase;
			buildActionMask = 2147483647;
			files = (
			);
			runOnlyForDeploymentPostprocessing = 0;
		};
		F8E38D4C27137A6900639F40 /* Resources */ = {
			isa = PBXResourcesBuildPhase;
			buildActionMask = 2147483647;
			files = (
			);
			runOnlyForDeploymentPostprocessing = 0;
		};
/* End PBXResourcesBuildPhase section */

/* Begin PBXSourcesBuildPhase section */
		F8E38D2627137A6800639F40 /* Sources */ = {
			isa = PBXSourcesBuildPhase;
			buildActionMask = 2147483647;
			files = (
				F8E38DA32713857900639F40 /* TaskListInteractor.swift in Sources */,
				F8E38D3227137A6800639F40 /* TaskListViewController.swift in Sources */,
				F8D022ED27208C1C00C10BD1 /* SplashScreenViewController.swift in Sources */,
				F8D022FF27213E9D00C10BD1 /* SplashBuilder.swift in Sources */,
				F8F6F8F7271D9383006BC29E /* DateFormatter+Extensions.swift in Sources */,
				F87612DB27196D7E0002C4E3 /* TaskDetailBuilder.swift in Sources */,
				F87611D62718103D0002C4E3 /* Task+CoreDataClass.swift in Sources */,
				F8E38D942713855300639F40 /* TaskListPresentation.swift in Sources */,
				F8CA0DBD271F55F000D76F21 /* NotificationManager.swift in Sources */,
				F87612E527196D9B0002C4E3 /* TaskDetailPresentation.swift in Sources */,
				F8E38DA82713858600639F40 /* TaskListPresenter.swift in Sources */,
				F8E38D2E27137A6800639F40 /* AppDelegate.swift in Sources */,
				F8E38D9E2713856C00639F40 /* TaskListContracts.swift in Sources */,
				F8E38DAD271385A500639F40 /* TaskListRouter.swift in Sources */,
				F87611FC271825FE0002C4E3 /* AppRouter.swift in Sources */,
				F8D022D52720045700C10BD1 /* Task+CoreDataProperties.swift in Sources */,
				F8F6F911271EC07D006BC29E /* NotificationExtension.swift in Sources */,
				F8E38D992713855E00639F40 /* TaskListBuilder.swift in Sources */,
				F8E38D3027137A6800639F40 /* SceneDelegate.swift in Sources */,
				F8E38D3827137A6800639F40 /* Todo.xcdatamodeld in Sources */,
				F87612E027196D8C0002C4E3 /* TaskDetailContracts.swift in Sources */,
				F8E38DBC27138D2200639F40 /* CoreDataManager.swift in Sources */,
				F87612D527196D730002C4E3 /* TaskDetailViewController.swift in Sources */,
				F87612EA27196DA80002C4E3 /* TaskDetailViewModel.swift in Sources */,
				F87611F7271825EA0002C4E3 /* AppContainer.swift in Sources */,
			);
			runOnlyForDeploymentPostprocessing = 0;
		};
		F8E38D3F27137A6900639F40 /* Sources */ = {
			isa = PBXSourcesBuildPhase;
			buildActionMask = 2147483647;
			files = (
				F8E38D4827137A6900639F40 /* TodoTests.swift in Sources */,
			);
			runOnlyForDeploymentPostprocessing = 0;
		};
		F8E38D4A27137A6900639F40 /* Sources */ = {
			isa = PBXSourcesBuildPhase;
			buildActionMask = 2147483647;
			files = (
				F8E38D5327137A6900639F40 /* TodoUITests.swift in Sources */,
			);
			runOnlyForDeploymentPostprocessing = 0;
		};
/* End PBXSourcesBuildPhase section */

/* Begin PBXTargetDependency section */
		F8E38D4527137A6900639F40 /* PBXTargetDependency */ = {
			isa = PBXTargetDependency;
			target = F8E38D2927137A6800639F40 /* Todo */;
			targetProxy = F8E38D4427137A6900639F40 /* PBXContainerItemProxy */;
		};
		F8E38D5027137A6900639F40 /* PBXTargetDependency */ = {
			isa = PBXTargetDependency;
			target = F8E38D2927137A6800639F40 /* Todo */;
			targetProxy = F8E38D4F27137A6900639F40 /* PBXContainerItemProxy */;
		};
/* End PBXTargetDependency section */

/* Begin PBXVariantGroup section */
		F8E38D3B27137A6900639F40 /* LaunchScreen.storyboard */ = {
			isa = PBXVariantGroup;
			children = (
				F8E38D3C27137A6900639F40 /* Base */,
			);
			name = LaunchScreen.storyboard;
			sourceTree = "<group>";
		};
		F8E38D7B27137D9300639F40 /* TodoList.storyboard */ = {
			isa = PBXVariantGroup;
			children = (
				F8E38D7A27137D9300639F40 /* Base */,
			);
			name = TodoList.storyboard;
			sourceTree = "<group>";
		};
/* End PBXVariantGroup section */

/* Begin XCBuildConfiguration section */
		F8E38D5527137A6900639F40 /* Debug */ = {
			isa = XCBuildConfiguration;
			buildSettings = {
				ALWAYS_SEARCH_USER_PATHS = NO;
				CLANG_ANALYZER_NONNULL = YES;
				CLANG_ANALYZER_NUMBER_OBJECT_CONVERSION = YES_AGGRESSIVE;
				CLANG_CXX_LANGUAGE_STANDARD = "gnu++14";
				CLANG_CXX_LIBRARY = "libc++";
				CLANG_ENABLE_MODULES = YES;
				CLANG_ENABLE_OBJC_ARC = YES;
				CLANG_ENABLE_OBJC_WEAK = YES;
				CLANG_WARN_BLOCK_CAPTURE_AUTORELEASING = YES;
				CLANG_WARN_BOOL_CONVERSION = YES;
				CLANG_WARN_COMMA = YES;
				CLANG_WARN_CONSTANT_CONVERSION = YES;
				CLANG_WARN_DEPRECATED_OBJC_IMPLEMENTATIONS = YES;
				CLANG_WARN_DIRECT_OBJC_ISA_USAGE = YES_ERROR;
				CLANG_WARN_DOCUMENTATION_COMMENTS = YES;
				CLANG_WARN_EMPTY_BODY = YES;
				CLANG_WARN_ENUM_CONVERSION = YES;
				CLANG_WARN_INFINITE_RECURSION = YES;
				CLANG_WARN_INT_CONVERSION = YES;
				CLANG_WARN_NON_LITERAL_NULL_CONVERSION = YES;
				CLANG_WARN_OBJC_IMPLICIT_RETAIN_SELF = YES;
				CLANG_WARN_OBJC_LITERAL_CONVERSION = YES;
				CLANG_WARN_OBJC_ROOT_CLASS = YES_ERROR;
				CLANG_WARN_QUOTED_INCLUDE_IN_FRAMEWORK_HEADER = YES;
				CLANG_WARN_RANGE_LOOP_ANALYSIS = YES;
				CLANG_WARN_STRICT_PROTOTYPES = YES;
				CLANG_WARN_SUSPICIOUS_MOVE = YES;
				CLANG_WARN_UNGUARDED_AVAILABILITY = YES_AGGRESSIVE;
				CLANG_WARN_UNREACHABLE_CODE = YES;
				CLANG_WARN__DUPLICATE_METHOD_MATCH = YES;
				COPY_PHASE_STRIP = NO;
				DEBUG_INFORMATION_FORMAT = dwarf;
				ENABLE_STRICT_OBJC_MSGSEND = YES;
				ENABLE_TESTABILITY = YES;
				GCC_C_LANGUAGE_STANDARD = gnu11;
				GCC_DYNAMIC_NO_PIC = NO;
				GCC_NO_COMMON_BLOCKS = YES;
				GCC_OPTIMIZATION_LEVEL = 0;
				GCC_PREPROCESSOR_DEFINITIONS = (
					"DEBUG=1",
					"$(inherited)",
				);
				GCC_WARN_64_TO_32_BIT_CONVERSION = YES;
				GCC_WARN_ABOUT_RETURN_TYPE = YES_ERROR;
				GCC_WARN_UNDECLARED_SELECTOR = YES;
				GCC_WARN_UNINITIALIZED_AUTOS = YES_AGGRESSIVE;
				GCC_WARN_UNUSED_FUNCTION = YES;
				GCC_WARN_UNUSED_VARIABLE = YES;
				IPHONEOS_DEPLOYMENT_TARGET = 14.4;
				MTL_ENABLE_DEBUG_INFO = INCLUDE_SOURCE;
				MTL_FAST_MATH = YES;
				ONLY_ACTIVE_ARCH = YES;
				SDKROOT = iphoneos;
				SWIFT_ACTIVE_COMPILATION_CONDITIONS = DEBUG;
				SWIFT_OPTIMIZATION_LEVEL = "-Onone";
			};
			name = Debug;
		};
		F8E38D5627137A6900639F40 /* Release */ = {
			isa = XCBuildConfiguration;
			buildSettings = {
				ALWAYS_SEARCH_USER_PATHS = NO;
				CLANG_ANALYZER_NONNULL = YES;
				CLANG_ANALYZER_NUMBER_OBJECT_CONVERSION = YES_AGGRESSIVE;
				CLANG_CXX_LANGUAGE_STANDARD = "gnu++14";
				CLANG_CXX_LIBRARY = "libc++";
				CLANG_ENABLE_MODULES = YES;
				CLANG_ENABLE_OBJC_ARC = YES;
				CLANG_ENABLE_OBJC_WEAK = YES;
				CLANG_WARN_BLOCK_CAPTURE_AUTORELEASING = YES;
				CLANG_WARN_BOOL_CONVERSION = YES;
				CLANG_WARN_COMMA = YES;
				CLANG_WARN_CONSTANT_CONVERSION = YES;
				CLANG_WARN_DEPRECATED_OBJC_IMPLEMENTATIONS = YES;
				CLANG_WARN_DIRECT_OBJC_ISA_USAGE = YES_ERROR;
				CLANG_WARN_DOCUMENTATION_COMMENTS = YES;
				CLANG_WARN_EMPTY_BODY = YES;
				CLANG_WARN_ENUM_CONVERSION = YES;
				CLANG_WARN_INFINITE_RECURSION = YES;
				CLANG_WARN_INT_CONVERSION = YES;
				CLANG_WARN_NON_LITERAL_NULL_CONVERSION = YES;
				CLANG_WARN_OBJC_IMPLICIT_RETAIN_SELF = YES;
				CLANG_WARN_OBJC_LITERAL_CONVERSION = YES;
				CLANG_WARN_OBJC_ROOT_CLASS = YES_ERROR;
				CLANG_WARN_QUOTED_INCLUDE_IN_FRAMEWORK_HEADER = YES;
				CLANG_WARN_RANGE_LOOP_ANALYSIS = YES;
				CLANG_WARN_STRICT_PROTOTYPES = YES;
				CLANG_WARN_SUSPICIOUS_MOVE = YES;
				CLANG_WARN_UNGUARDED_AVAILABILITY = YES_AGGRESSIVE;
				CLANG_WARN_UNREACHABLE_CODE = YES;
				CLANG_WARN__DUPLICATE_METHOD_MATCH = YES;
				COPY_PHASE_STRIP = NO;
				DEBUG_INFORMATION_FORMAT = "dwarf-with-dsym";
				ENABLE_NS_ASSERTIONS = NO;
				ENABLE_STRICT_OBJC_MSGSEND = YES;
				GCC_C_LANGUAGE_STANDARD = gnu11;
				GCC_NO_COMMON_BLOCKS = YES;
				GCC_WARN_64_TO_32_BIT_CONVERSION = YES;
				GCC_WARN_ABOUT_RETURN_TYPE = YES_ERROR;
				GCC_WARN_UNDECLARED_SELECTOR = YES;
				GCC_WARN_UNINITIALIZED_AUTOS = YES_AGGRESSIVE;
				GCC_WARN_UNUSED_FUNCTION = YES;
				GCC_WARN_UNUSED_VARIABLE = YES;
				IPHONEOS_DEPLOYMENT_TARGET = 14.4;
				MTL_ENABLE_DEBUG_INFO = NO;
				MTL_FAST_MATH = YES;
				SDKROOT = iphoneos;
				SWIFT_COMPILATION_MODE = wholemodule;
				SWIFT_OPTIMIZATION_LEVEL = "-O";
				VALIDATE_PRODUCT = YES;
			};
			name = Release;
		};
		F8E38D5827137A6900639F40 /* Debug */ = {
			isa = XCBuildConfiguration;
			buildSettings = {
				ASSETCATALOG_COMPILER_APPICON_NAME = AppIcon;
				ASSETCATALOG_COMPILER_GLOBAL_ACCENT_COLOR_NAME = AccentColor;
				CODE_SIGN_STYLE = Automatic;
				INFOPLIST_FILE = Todo/Info.plist;
				LD_RUNPATH_SEARCH_PATHS = (
					"$(inherited)",
					"@executable_path/Frameworks",
				);
				PRODUCT_BUNDLE_IDENTIFIER = com.bootcamp.Todo;
				PRODUCT_NAME = "$(TARGET_NAME)";
				SWIFT_VERSION = 5.0;
				TARGETED_DEVICE_FAMILY = "1,2";
			};
			name = Debug;
		};
		F8E38D5927137A6900639F40 /* Release */ = {
			isa = XCBuildConfiguration;
			buildSettings = {
				ASSETCATALOG_COMPILER_APPICON_NAME = AppIcon;
				ASSETCATALOG_COMPILER_GLOBAL_ACCENT_COLOR_NAME = AccentColor;
				CODE_SIGN_STYLE = Automatic;
				INFOPLIST_FILE = Todo/Info.plist;
				LD_RUNPATH_SEARCH_PATHS = (
					"$(inherited)",
					"@executable_path/Frameworks",
				);
				PRODUCT_BUNDLE_IDENTIFIER = com.bootcamp.Todo;
				PRODUCT_NAME = "$(TARGET_NAME)";
				SWIFT_VERSION = 5.0;
				TARGETED_DEVICE_FAMILY = "1,2";
			};
			name = Release;
		};
		F8E38D5B27137A6900639F40 /* Debug */ = {
			isa = XCBuildConfiguration;
			buildSettings = {
				ALWAYS_EMBED_SWIFT_STANDARD_LIBRARIES = YES;
				BUNDLE_LOADER = "$(TEST_HOST)";
				CODE_SIGN_STYLE = Automatic;
				INFOPLIST_FILE = TodoTests/Info.plist;
				IPHONEOS_DEPLOYMENT_TARGET = 14.4;
				LD_RUNPATH_SEARCH_PATHS = (
					"$(inherited)",
					"@executable_path/Frameworks",
					"@loader_path/Frameworks",
				);
				PRODUCT_BUNDLE_IDENTIFIER = com.bootcamp.TodoTests;
				PRODUCT_NAME = "$(TARGET_NAME)";
				SWIFT_VERSION = 5.0;
				TARGETED_DEVICE_FAMILY = "1,2";
				TEST_HOST = "$(BUILT_PRODUCTS_DIR)/Todo.app/Todo";
			};
			name = Debug;
		};
		F8E38D5C27137A6900639F40 /* Release */ = {
			isa = XCBuildConfiguration;
			buildSettings = {
				ALWAYS_EMBED_SWIFT_STANDARD_LIBRARIES = YES;
				BUNDLE_LOADER = "$(TEST_HOST)";
				CODE_SIGN_STYLE = Automatic;
				INFOPLIST_FILE = TodoTests/Info.plist;
				IPHONEOS_DEPLOYMENT_TARGET = 14.4;
				LD_RUNPATH_SEARCH_PATHS = (
					"$(inherited)",
					"@executable_path/Frameworks",
					"@loader_path/Frameworks",
				);
				PRODUCT_BUNDLE_IDENTIFIER = com.bootcamp.TodoTests;
				PRODUCT_NAME = "$(TARGET_NAME)";
				SWIFT_VERSION = 5.0;
				TARGETED_DEVICE_FAMILY = "1,2";
				TEST_HOST = "$(BUILT_PRODUCTS_DIR)/Todo.app/Todo";
			};
			name = Release;
		};
		F8E38D5E27137A6900639F40 /* Debug */ = {
			isa = XCBuildConfiguration;
			buildSettings = {
				ALWAYS_EMBED_SWIFT_STANDARD_LIBRARIES = YES;
				CODE_SIGN_STYLE = Automatic;
				INFOPLIST_FILE = TodoUITests/Info.plist;
				LD_RUNPATH_SEARCH_PATHS = (
					"$(inherited)",
					"@executable_path/Frameworks",
					"@loader_path/Frameworks",
				);
				PRODUCT_BUNDLE_IDENTIFIER = com.bootcamp.TodoUITests;
				PRODUCT_NAME = "$(TARGET_NAME)";
				SWIFT_VERSION = 5.0;
				TARGETED_DEVICE_FAMILY = "1,2";
				TEST_TARGET_NAME = Todo;
			};
			name = Debug;
		};
		F8E38D5F27137A6900639F40 /* Release */ = {
			isa = XCBuildConfiguration;
			buildSettings = {
				ALWAYS_EMBED_SWIFT_STANDARD_LIBRARIES = YES;
				CODE_SIGN_STYLE = Automatic;
				INFOPLIST_FILE = TodoUITests/Info.plist;
				LD_RUNPATH_SEARCH_PATHS = (
					"$(inherited)",
					"@executable_path/Frameworks",
					"@loader_path/Frameworks",
				);
				PRODUCT_BUNDLE_IDENTIFIER = com.bootcamp.TodoUITests;
				PRODUCT_NAME = "$(TARGET_NAME)";
				SWIFT_VERSION = 5.0;
				TARGETED_DEVICE_FAMILY = "1,2";
				TEST_TARGET_NAME = Todo;
			};
			name = Release;
		};
/* End XCBuildConfiguration section */

/* Begin XCConfigurationList section */
		F8E38D2527137A6800639F40 /* Build configuration list for PBXProject "Todo" */ = {
			isa = XCConfigurationList;
			buildConfigurations = (
				F8E38D5527137A6900639F40 /* Debug */,
				F8E38D5627137A6900639F40 /* Release */,
			);
			defaultConfigurationIsVisible = 0;
			defaultConfigurationName = Release;
		};
		F8E38D5727137A6900639F40 /* Build configuration list for PBXNativeTarget "Todo" */ = {
			isa = XCConfigurationList;
			buildConfigurations = (
				F8E38D5827137A6900639F40 /* Debug */,
				F8E38D5927137A6900639F40 /* Release */,
			);
			defaultConfigurationIsVisible = 0;
			defaultConfigurationName = Release;
		};
		F8E38D5A27137A6900639F40 /* Build configuration list for PBXNativeTarget "TodoTests" */ = {
			isa = XCConfigurationList;
			buildConfigurations = (
				F8E38D5B27137A6900639F40 /* Debug */,
				F8E38D5C27137A6900639F40 /* Release */,
			);
			defaultConfigurationIsVisible = 0;
			defaultConfigurationName = Release;
		};
		F8E38D5D27137A6900639F40 /* Build configuration list for PBXNativeTarget "TodoUITests" */ = {
			isa = XCConfigurationList;
			buildConfigurations = (
				F8E38D5E27137A6900639F40 /* Debug */,
				F8E38D5F27137A6900639F40 /* Release */,
			);
			defaultConfigurationIsVisible = 0;
			defaultConfigurationName = Release;
		};
/* End XCConfigurationList section */

/* Begin XCRemoteSwiftPackageReference section */
		F8D022F12720973800C10BD1 /* XCRemoteSwiftPackageReference "Hero" */ = {
			isa = XCRemoteSwiftPackageReference;
			repositoryURL = "https://github.com/HeroTransitions/Hero.git";
			requirement = {
				kind = upToNextMajorVersion;
				minimumVersion = 1.6.1;
			};
		};
/* End XCRemoteSwiftPackageReference section */

/* Begin XCSwiftPackageProductDependency section */
		F8D022F22720973800C10BD1 /* Hero */ = {
			isa = XCSwiftPackageProductDependency;
			package = F8D022F12720973800C10BD1 /* XCRemoteSwiftPackageReference "Hero" */;
			productName = Hero;
		};
/* End XCSwiftPackageProductDependency section */

/* Begin XCVersionGroup section */
		F8E38D3627137A6800639F40 /* Todo.xcdatamodeld */ = {
			isa = XCVersionGroup;
			children = (
				F8E38D3727137A6800639F40 /* Todo.xcdatamodel */,
			);
			currentVersion = F8E38D3727137A6800639F40 /* Todo.xcdatamodel */;
			path = Todo.xcdatamodeld;
			sourceTree = "<group>";
			versionGroupType = wrapper.xcdatamodel;
		};
/* End XCVersionGroup section */
	};
	rootObject = F8E38D2227137A6800639F40 /* Project object */;
}
