// !$*UTF8*$!
{
	archiveVersion = 1;
	classes = {
	};
	objectVersion = 50;
	objects = {

/* Begin PBXBuildFile section */
		F8E38D2E27137A6800639F40 /* AppDelegate.swift in Sources */ = {isa = PBXBuildFile; fileRef = F8E38D2D27137A6800639F40 /* AppDelegate.swift */; };
		F8E38D3027137A6800639F40 /* SceneDelegate.swift in Sources */ = {isa = PBXBuildFile; fileRef = F8E38D2F27137A6800639F40 /* SceneDelegate.swift */; };
		F8E38D3227137A6800639F40 /* TodoListViewController.swift in Sources */ = {isa = PBXBuildFile; fileRef = F8E38D3127137A6800639F40 /* TodoListViewController.swift */; };
		F8E38D3827137A6800639F40 /* Todo.xcdatamodeld in Sources */ = {isa = PBXBuildFile; fileRef = F8E38D3627137A6800639F40 /* Todo.xcdatamodeld */; };
		F8E38D3A27137A6900639F40 /* Assets.xcassets in Resources */ = {isa = PBXBuildFile; fileRef = F8E38D3927137A6900639F40 /* Assets.xcassets */; };
		F8E38D3D27137A6900639F40 /* LaunchScreen.storyboard in Resources */ = {isa = PBXBuildFile; fileRef = F8E38D3B27137A6900639F40 /* LaunchScreen.storyboard */; };
		F8E38D4827137A6900639F40 /* TodoTests.swift in Sources */ = {isa = PBXBuildFile; fileRef = F8E38D4727137A6900639F40 /* TodoTests.swift */; };
		F8E38D5327137A6900639F40 /* TodoUITests.swift in Sources */ = {isa = PBXBuildFile; fileRef = F8E38D5227137A6900639F40 /* TodoUITests.swift */; };
		F8E38D7927137D9300639F40 /* TodoList.storyboard in Resources */ = {isa = PBXBuildFile; fileRef = F8E38D7B27137D9300639F40 /* TodoList.storyboard */; };
		F8E38D942713855300639F40 /* TodoListPresentation.swift in Sources */ = {isa = PBXBuildFile; fileRef = F8E38D932713855300639F40 /* TodoListPresentation.swift */; };
		F8E38D992713855E00639F40 /* TodoListBuilder.swift in Sources */ = {isa = PBXBuildFile; fileRef = F8E38D982713855E00639F40 /* TodoListBuilder.swift */; };
		F8E38D9E2713856C00639F40 /* TodoListContracts.swift in Sources */ = {isa = PBXBuildFile; fileRef = F8E38D9D2713856C00639F40 /* TodoListContracts.swift */; };
		F8E38DA32713857900639F40 /* TodoListInteractor.swift in Sources */ = {isa = PBXBuildFile; fileRef = F8E38DA22713857900639F40 /* TodoListInteractor.swift */; };
		F8E38DA82713858600639F40 /* TodoListPresenter.swift in Sources */ = {isa = PBXBuildFile; fileRef = F8E38DA72713858600639F40 /* TodoListPresenter.swift */; };
		F8E38DAD271385A500639F40 /* TodoListRouter.swift in Sources */ = {isa = PBXBuildFile; fileRef = F8E38DAC271385A500639F40 /* TodoListRouter.swift */; };
/* End PBXBuildFile section */

/* Begin PBXContainerItemProxy section */
		F8E38D4427137A6900639F40 /* PBXContainerItemProxy */ = {
			isa = PBXContainerItemProxy;
			containerPortal = F8E38D2227137A6800639F40 /* Project object */;
			proxyType = 1;
			remoteGlobalIDString = F8E38D2927137A6800639F40;
			remoteInfo = Todo;
		};
		F8E38D4F27137A6900639F40 /* PBXContainerItemProxy */ = {
			isa = PBXContainerItemProxy;
			containerPortal = F8E38D2227137A6800639F40 /* Project object */;
			proxyType = 1;
			remoteGlobalIDString = F8E38D2927137A6800639F40;
			remoteInfo = Todo;
		};
/* End PBXContainerItemProxy section */

/* Begin PBXFileReference section */
		F8E38D2A27137A6800639F40 /* Todo.app */ = {isa = PBXFileReference; explicitFileType = wrapper.application; includeInIndex = 0; path = Todo.app; sourceTree = BUILT_PRODUCTS_DIR; };
		F8E38D2D27137A6800639F40 /* AppDelegate.swift */ = {isa = PBXFileReference; lastKnownFileType = sourcecode.swift; path = AppDelegate.swift; sourceTree = "<group>"; };
		F8E38D2F27137A6800639F40 /* SceneDelegate.swift */ = {isa = PBXFileReference; lastKnownFileType = sourcecode.swift; path = SceneDelegate.swift; sourceTree = "<group>"; };
		F8E38D3127137A6800639F40 /* TodoListViewController.swift */ = {isa = PBXFileReference; lastKnownFileType = sourcecode.swift; path = TodoListViewController.swift; sourceTree = "<group>"; };
		F8E38D3727137A6800639F40 /* Todo.xcdatamodel */ = {isa = PBXFileReference; lastKnownFileType = wrapper.xcdatamodel; path = Todo.xcdatamodel; sourceTree = "<group>"; };
		F8E38D3927137A6900639F40 /* Assets.xcassets */ = {isa = PBXFileReference; lastKnownFileType = folder.assetcatalog; path = Assets.xcassets; sourceTree = "<group>"; };
		F8E38D3C27137A6900639F40 /* Base */ = {isa = PBXFileReference; lastKnownFileType = file.storyboard; name = Base; path = Base.lproj/LaunchScreen.storyboard; sourceTree = "<group>"; };
		F8E38D3E27137A6900639F40 /* Info.plist */ = {isa = PBXFileReference; lastKnownFileType = text.plist.xml; path = Info.plist; sourceTree = "<group>"; };
		F8E38D4327137A6900639F40 /* TodoTests.xctest */ = {isa = PBXFileReference; explicitFileType = wrapper.cfbundle; includeInIndex = 0; path = TodoTests.xctest; sourceTree = BUILT_PRODUCTS_DIR; };
		F8E38D4727137A6900639F40 /* TodoTests.swift */ = {isa = PBXFileReference; lastKnownFileType = sourcecode.swift; path = TodoTests.swift; sourceTree = "<group>"; };
		F8E38D4927137A6900639F40 /* Info.plist */ = {isa = PBXFileReference; lastKnownFileType = text.plist.xml; path = Info.plist; sourceTree = "<group>"; };
		F8E38D4E27137A6900639F40 /* TodoUITests.xctest */ = {isa = PBXFileReference; explicitFileType = wrapper.cfbundle; includeInIndex = 0; path = TodoUITests.xctest; sourceTree = BUILT_PRODUCTS_DIR; };
		F8E38D5227137A6900639F40 /* TodoUITests.swift */ = {isa = PBXFileReference; lastKnownFileType = sourcecode.swift; path = TodoUITests.swift; sourceTree = "<group>"; };
		F8E38D5427137A6900639F40 /* Info.plist */ = {isa = PBXFileReference; lastKnownFileType = text.plist.xml; path = Info.plist; sourceTree = "<group>"; };
		F8E38D7A27137D9300639F40 /* Base */ = {isa = PBXFileReference; lastKnownFileType = file.storyboard; name = Base; path = Base.lproj/TodoList.storyboard; sourceTree = "<group>"; };
		F8E38D932713855300639F40 /* TodoListPresentation.swift */ = {isa = PBXFileReference; lastKnownFileType = sourcecode.swift; path = TodoListPresentation.swift; sourceTree = "<group>"; };
		F8E38D982713855E00639F40 /* TodoListBuilder.swift */ = {isa = PBXFileReference; lastKnownFileType = sourcecode.swift; path = TodoListBuilder.swift; sourceTree = "<group>"; };
		F8E38D9D2713856C00639F40 /* TodoListContracts.swift */ = {isa = PBXFileReference; lastKnownFileType = sourcecode.swift; path = TodoListContracts.swift; sourceTree = "<group>"; };
		F8E38DA22713857900639F40 /* TodoListInteractor.swift */ = {isa = PBXFileReference; lastKnownFileType = sourcecode.swift; path = TodoListInteractor.swift; sourceTree = "<group>"; };
		F8E38DA72713858600639F40 /* TodoListPresenter.swift */ = {isa = PBXFileReference; lastKnownFileType = sourcecode.swift; path = TodoListPresenter.swift; sourceTree = "<group>"; };
		F8E38DAC271385A500639F40 /* TodoListRouter.swift */ = {isa = PBXFileReference; lastKnownFileType = sourcecode.swift; path = TodoListRouter.swift; sourceTree = "<group>"; };
/* End PBXFileReference section */

/* Begin PBXFrameworksBuildPhase section */
		F8E38D2727137A6800639F40 /* Frameworks */ = {
			isa = PBXFrameworksBuildPhase;
			buildActionMask = 2147483647;
			files = (
			);
			runOnlyForDeploymentPostprocessing = 0;
		};
		F8E38D4027137A6900639F40 /* Frameworks */ = {
			isa = PBXFrameworksBuildPhase;
			buildActionMask = 2147483647;
			files = (
			);
			runOnlyForDeploymentPostprocessing = 0;
		};
		F8E38D4B27137A6900639F40 /* Frameworks */ = {
			isa = PBXFrameworksBuildPhase;
			buildActionMask = 2147483647;
			files = (
			);
			runOnlyForDeploymentPostprocessing = 0;
		};
/* End PBXFrameworksBuildPhase section */

/* Begin PBXGroup section */
		F8E38D2127137A6800639F40 = {
			isa = PBXGroup;
			children = (
				F8E38D2C27137A6800639F40 /* Todo */,
				F8E38D4627137A6900639F40 /* TodoTests */,
				F8E38D5127137A6900639F40 /* TodoUITests */,
				F8E38D2B27137A6800639F40 /* Products */,
			);
			sourceTree = "<group>";
		};
		F8E38D2B27137A6800639F40 /* Products */ = {
			isa = PBXGroup;
			children = (
				F8E38D2A27137A6800639F40 /* Todo.app */,
				F8E38D4327137A6900639F40 /* TodoTests.xctest */,
				F8E38D4E27137A6900639F40 /* TodoUITests.xctest */,
			);
			name = Products;
			sourceTree = "<group>";
		};
		F8E38D2C27137A6800639F40 /* Todo */ = {
			isa = PBXGroup;
			children = (
				F8E38DB12713870200639F40 /* CoreData */,
				F8E38D6427137AAA00639F40 /* TodoDetail */,
				F8E38D6327137A8E00639F40 /* TodoList */,
				F8E38D2D27137A6800639F40 /* AppDelegate.swift */,
				F8E38D2F27137A6800639F40 /* SceneDelegate.swift */,
				F8E38D3927137A6900639F40 /* Assets.xcassets */,
				F8E38D3B27137A6900639F40 /* LaunchScreen.storyboard */,
				F8E38D3E27137A6900639F40 /* Info.plist */,
			);
			path = Todo;
			sourceTree = "<group>";
		};
		F8E38D4627137A6900639F40 /* TodoTests */ = {
			isa = PBXGroup;
			children = (
				F8E38D4727137A6900639F40 /* TodoTests.swift */,
				F8E38D4927137A6900639F40 /* Info.plist */,
			);
			path = TodoTests;
			sourceTree = "<group>";
		};
		F8E38D5127137A6900639F40 /* TodoUITests */ = {
			isa = PBXGroup;
			children = (
				F8E38D5227137A6900639F40 /* TodoUITests.swift */,
				F8E38D5427137A6900639F40 /* Info.plist */,
			);
			path = TodoUITests;
			sourceTree = "<group>";
		};
		F8E38D6327137A8E00639F40 /* TodoList */ = {
			isa = PBXGroup;
			children = (
				F8E38D3127137A6800639F40 /* TodoListViewController.swift */,
				F8E38D7B27137D9300639F40 /* TodoList.storyboard */,
				F8E38D932713855300639F40 /* TodoListPresentation.swift */,
				F8E38D982713855E00639F40 /* TodoListBuilder.swift */,
				F8E38D9D2713856C00639F40 /* TodoListContracts.swift */,
				F8E38DA22713857900639F40 /* TodoListInteractor.swift */,
				F8E38DA72713858600639F40 /* TodoListPresenter.swift */,
				F8E38DAC271385A500639F40 /* TodoListRouter.swift */,
			);
			path = TodoList;
			sourceTree = "<group>";
		};
		F8E38D6427137AAA00639F40 /* TodoDetail */ = {
			isa = PBXGroup;
			children = (
			);
			path = TodoDetail;
			sourceTree = "<group>";
		};
		F8E38DB12713870200639F40 /* CoreData */ = {
			isa = PBXGroup;
			children = (
				F8E38D3627137A6800639F40 /* Todo.xcdatamodeld */,
			);
			path = CoreData;
			sourceTree = "<group>";
		};
/* End PBXGroup section */

/* Begin PBXNativeTarget section */
		F8E38D2927137A6800639F40 /* Todo */ = {
			isa = PBXNativeTarget;
			buildConfigurationList = F8E38D5727137A6900639F40 /* Build configuration list for PBXNativeTarget "Todo" */;
			buildPhases = (
				F8E38D2627137A6800639F40 /* Sources */,
				F8E38D2727137A6800639F40 /* Frameworks */,
				F8E38D2827137A6800639F40 /* Resources */,
			);
			buildRules = (
			);
			dependencies = (
			);
			name = Todo;
			productName = Todo;
			productReference = F8E38D2A27137A6800639F40 /* Todo.app */;
			productType = "com.apple.product-type.application";
		};
		F8E38D4227137A6900639F40 /* TodoTests */ = {
			isa = PBXNativeTarget;
			buildConfigurationList = F8E38D5A27137A6900639F40 /* Build configuration list for PBXNativeTarget "TodoTests" */;
			buildPhases = (
				F8E38D3F27137A6900639F40 /* Sources */,
				F8E38D4027137A6900639F40 /* Frameworks */,
				F8E38D4127137A6900639F40 /* Resources */,
			);
			buildRules = (
			);
			dependencies = (
				F8E38D4527137A6900639F40 /* PBXTargetDependency */,
			);
			name = TodoTests;
			productName = TodoTests;
			productReference = F8E38D4327137A6900639F40 /* TodoTests.xctest */;
			productType = "com.apple.product-type.bundle.unit-test";
		};
		F8E38D4D27137A6900639F40 /* TodoUITests */ = {
			isa = PBXNativeTarget;
			buildConfigurationList = F8E38D5D27137A6900639F40 /* Build configuration list for PBXNativeTarget "TodoUITests" */;
			buildPhases = (
				F8E38D4A27137A6900639F40 /* Sources */,
				F8E38D4B27137A6900639F40 /* Frameworks */,
				F8E38D4C27137A6900639F40 /* Resources */,
			);
			buildRules = (
			);
			dependencies = (
				F8E38D5027137A6900639F40 /* PBXTargetDependency */,
			);
			name = TodoUITests;
			productName = TodoUITests;
			productReference = F8E38D4E27137A6900639F40 /* TodoUITests.xctest */;
			productType = "com.apple.product-type.bundle.ui-testing";
		};
/* End PBXNativeTarget section */

/* Begin PBXProject section */
		F8E38D2227137A6800639F40 /* Project object */ = {
			isa = PBXProject;
			attributes = {
				LastSwiftUpdateCheck = 1240;
				LastUpgradeCheck = 1240;
				TargetAttributes = {
					F8E38D2927137A6800639F40 = {
						CreatedOnToolsVersion = 12.4;
					};
					F8E38D4227137A6900639F40 = {
						CreatedOnToolsVersion = 12.4;
						TestTargetID = F8E38D2927137A6800639F40;
					};
					F8E38D4D27137A6900639F40 = {
						CreatedOnToolsVersion = 12.4;
						TestTargetID = F8E38D2927137A6800639F40;
					};
				};
			};
			buildConfigurationList = F8E38D2527137A6800639F40 /* Build configuration list for PBXProject "Todo" */;
			compatibilityVersion = "Xcode 9.3";
			developmentRegion = en;
			hasScannedForEncodings = 0;
			knownRegions = (
				en,
				Base,
			);
			mainGroup = F8E38D2127137A6800639F40;
			productRefGroup = F8E38D2B27137A6800639F40 /* Products */;
			projectDirPath = "";
			projectRoot = "";
			targets = (
				F8E38D2927137A6800639F40 /* Todo */,
				F8E38D4227137A6900639F40 /* TodoTests */,
				F8E38D4D27137A6900639F40 /* TodoUITests */,
			);
		};
/* End PBXProject section */

/* Begin PBXResourcesBuildPhase section */
		F8E38D2827137A6800639F40 /* Resources */ = {
			isa = PBXResourcesBuildPhase;
			buildActionMask = 2147483647;
			files = (
				F8E38D7927137D9300639F40 /* TodoList.storyboard in Resources */,
				F8E38D3D27137A6900639F40 /* LaunchScreen.storyboard in Resources */,
				F8E38D3A27137A6900639F40 /* Assets.xcassets in Resources */,
			);
			runOnlyForDeploymentPostprocessing = 0;
		};
		F8E38D4127137A6900639F40 /* Resources */ = {
			isa = PBXResourcesBuildPhase;
			buildActionMask = 2147483647;
			files = (
			);
			runOnlyForDeploymentPostprocessing = 0;
		};
		F8E38D4C27137A6900639F40 /* Resources */ = {
			isa = PBXResourcesBuildPhase;
			buildActionMask = 2147483647;
			files = (
			);
			runOnlyForDeploymentPostprocessing = 0;
		};
/* End PBXResourcesBuildPhase section */

/* Begin PBXSourcesBuildPhase section */
		F8E38D2627137A6800639F40 /* Sources */ = {
			isa = PBXSourcesBuildPhase;
			buildActionMask = 2147483647;
			files = (
				F8E38DA32713857900639F40 /* TodoListInteractor.swift in Sources */,
				F8E38D3227137A6800639F40 /* TodoListViewController.swift in Sources */,
				F8E38D942713855300639F40 /* TodoListPresentation.swift in Sources */,
				F8E38DA82713858600639F40 /* TodoListPresenter.swift in Sources */,
				F8E38D2E27137A6800639F40 /* AppDelegate.swift in Sources */,
				F8E38D9E2713856C00639F40 /* TodoListContracts.swift in Sources */,
				F8E38DAD271385A500639F40 /* TodoListRouter.swift in Sources */,
				F8E38D992713855E00639F40 /* TodoListBuilder.swift in Sources */,
				F8E38D3027137A6800639F40 /* SceneDelegate.swift in Sources */,
				F8E38D3827137A6800639F40 /* Todo.xcdatamodeld in Sources */,
			);
			runOnlyForDeploymentPostprocessing = 0;
		};
		F8E38D3F27137A6900639F40 /* Sources */ = {
			isa = PBXSourcesBuildPhase;
			buildActionMask = 2147483647;
			files = (
				F8E38D4827137A6900639F40 /* TodoTests.swift in Sources */,
			);
			runOnlyForDeploymentPostprocessing = 0;
		};
		F8E38D4A27137A6900639F40 /* Sources */ = {
			isa = PBXSourcesBuildPhase;
			buildActionMask = 2147483647;
			files = (
				F8E38D5327137A6900639F40 /* TodoUITests.swift in Sources */,
			);
			runOnlyForDeploymentPostprocessing = 0;
		};
/* End PBXSourcesBuildPhase section */

/* Begin PBXTargetDependency section */
		F8E38D4527137A6900639F40 /* PBXTargetDependency */ = {
			isa = PBXTargetDependency;
			target = F8E38D2927137A6800639F40 /* Todo */;
			targetProxy = F8E38D4427137A6900639F40 /* PBXContainerItemProxy */;
		};
		F8E38D5027137A6900639F40 /* PBXTargetDependency */ = {
			isa = PBXTargetDependency;
			target = F8E38D2927137A6800639F40 /* Todo */;
			targetProxy = F8E38D4F27137A6900639F40 /* PBXContainerItemProxy */;
		};
/* End PBXTargetDependency section */

/* Begin PBXVariantGroup section */
		F8E38D3B27137A6900639F40 /* LaunchScreen.storyboard */ = {
			isa = PBXVariantGroup;
			children = (
				F8E38D3C27137A6900639F40 /* Base */,
			);
			name = LaunchScreen.storyboard;
			sourceTree = "<group>";
		};
		F8E38D7B27137D9300639F40 /* TodoList.storyboard */ = {
			isa = PBXVariantGroup;
			children = (
				F8E38D7A27137D9300639F40 /* Base */,
			);
			name = TodoList.storyboard;
			sourceTree = "<group>";
		};
/* End PBXVariantGroup section */

/* Begin XCBuildConfiguration section */
		F8E38D5527137A6900639F40 /* Debug */ = {
			isa = XCBuildConfiguration;
			buildSettings = {
				ALWAYS_SEARCH_USER_PATHS = NO;
				CLANG_ANALYZER_NONNULL = YES;
				CLANG_ANALYZER_NUMBER_OBJECT_CONVERSION = YES_AGGRESSIVE;
				CLANG_CXX_LANGUAGE_STANDARD = "gnu++14";
				CLANG_CXX_LIBRARY = "libc++";
				CLANG_ENABLE_MODULES = YES;
				CLANG_ENABLE_OBJC_ARC = YES;
				CLANG_ENABLE_OBJC_WEAK = YES;
				CLANG_WARN_BLOCK_CAPTURE_AUTORELEASING = YES;
				CLANG_WARN_BOOL_CONVERSION = YES;
				CLANG_WARN_COMMA = YES;
				CLANG_WARN_CONSTANT_CONVERSION = YES;
				CLANG_WARN_DEPRECATED_OBJC_IMPLEMENTATIONS = YES;
				CLANG_WARN_DIRECT_OBJC_ISA_USAGE = YES_ERROR;
				CLANG_WARN_DOCUMENTATION_COMMENTS = YES;
				CLANG_WARN_EMPTY_BODY = YES;
				CLANG_WARN_ENUM_CONVERSION = YES;
				CLANG_WARN_INFINITE_RECURSION = YES;
				CLANG_WARN_INT_CONVERSION = YES;
				CLANG_WARN_NON_LITERAL_NULL_CONVERSION = YES;
				CLANG_WARN_OBJC_IMPLICIT_RETAIN_SELF = YES;
				CLANG_WARN_OBJC_LITERAL_CONVERSION = YES;
				CLANG_WARN_OBJC_ROOT_CLASS = YES_ERROR;
				CLANG_WARN_QUOTED_INCLUDE_IN_FRAMEWORK_HEADER = YES;
				CLANG_WARN_RANGE_LOOP_ANALYSIS = YES;
				CLANG_WARN_STRICT_PROTOTYPES = YES;
				CLANG_WARN_SUSPICIOUS_MOVE = YES;
				CLANG_WARN_UNGUARDED_AVAILABILITY = YES_AGGRESSIVE;
				CLANG_WARN_UNREACHABLE_CODE = YES;
				CLANG_WARN__DUPLICATE_METHOD_MATCH = YES;
				COPY_PHASE_STRIP = NO;
				DEBUG_INFORMATION_FORMAT = dwarf;
				ENABLE_STRICT_OBJC_MSGSEND = YES;
				ENABLE_TESTABILITY = YES;
				GCC_C_LANGUAGE_STANDARD = gnu11;
				GCC_DYNAMIC_NO_PIC = NO;
				GCC_NO_COMMON_BLOCKS = YES;
				GCC_OPTIMIZATION_LEVEL = 0;
				GCC_PREPROCESSOR_DEFINITIONS = (
					"DEBUG=1",
					"$(inherited)",
				);
				GCC_WARN_64_TO_32_BIT_CONVERSION = YES;
				GCC_WARN_ABOUT_RETURN_TYPE = YES_ERROR;
				GCC_WARN_UNDECLARED_SELECTOR = YES;
				GCC_WARN_UNINITIALIZED_AUTOS = YES_AGGRESSIVE;
				GCC_WARN_UNUSED_FUNCTION = YES;
				GCC_WARN_UNUSED_VARIABLE = YES;
				IPHONEOS_DEPLOYMENT_TARGET = 14.4;
				MTL_ENABLE_DEBUG_INFO = INCLUDE_SOURCE;
				MTL_FAST_MATH = YES;
				ONLY_ACTIVE_ARCH = YES;
				SDKROOT = iphoneos;
				SWIFT_ACTIVE_COMPILATION_CONDITIONS = DEBUG;
				SWIFT_OPTIMIZATION_LEVEL = "-Onone";
			};
			name = Debug;
		};
		F8E38D5627137A6900639F40 /* Release */ = {
			isa = XCBuildConfiguration;
			buildSettings = {
				ALWAYS_SEARCH_USER_PATHS = NO;
				CLANG_ANALYZER_NONNULL = YES;
				CLANG_ANALYZER_NUMBER_OBJECT_CONVERSION = YES_AGGRESSIVE;
				CLANG_CXX_LANGUAGE_STANDARD = "gnu++14";
				CLANG_CXX_LIBRARY = "libc++";
				CLANG_ENABLE_MODULES = YES;
				CLANG_ENABLE_OBJC_ARC = YES;
				CLANG_ENABLE_OBJC_WEAK = YES;
				CLANG_WARN_BLOCK_CAPTURE_AUTORELEASING = YES;
				CLANG_WARN_BOOL_CONVERSION = YES;
				CLANG_WARN_COMMA = YES;
				CLANG_WARN_CONSTANT_CONVERSION = YES;
				CLANG_WARN_DEPRECATED_OBJC_IMPLEMENTATIONS = YES;
				CLANG_WARN_DIRECT_OBJC_ISA_USAGE = YES_ERROR;
				CLANG_WARN_DOCUMENTATION_COMMENTS = YES;
				CLANG_WARN_EMPTY_BODY = YES;
				CLANG_WARN_ENUM_CONVERSION = YES;
				CLANG_WARN_INFINITE_RECURSION = YES;
				CLANG_WARN_INT_CONVERSION = YES;
				CLANG_WARN_NON_LITERAL_NULL_CONVERSION = YES;
				CLANG_WARN_OBJC_IMPLICIT_RETAIN_SELF = YES;
				CLANG_WARN_OBJC_LITERAL_CONVERSION = YES;
				CLANG_WARN_OBJC_ROOT_CLASS = YES_ERROR;
				CLANG_WARN_QUOTED_INCLUDE_IN_FRAMEWORK_HEADER = YES;
				CLANG_WARN_RANGE_LOOP_ANALYSIS = YES;
				CLANG_WARN_STRICT_PROTOTYPES = YES;
				CLANG_WARN_SUSPICIOUS_MOVE = YES;
				CLANG_WARN_UNGUARDED_AVAILABILITY = YES_AGGRESSIVE;
				CLANG_WARN_UNREACHABLE_CODE = YES;
				CLANG_WARN__DUPLICATE_METHOD_MATCH = YES;
				COPY_PHASE_STRIP = NO;
				DEBUG_INFORMATION_FORMAT = "dwarf-with-dsym";
				ENABLE_NS_ASSERTIONS = NO;
				ENABLE_STRICT_OBJC_MSGSEND = YES;
				GCC_C_LANGUAGE_STANDARD = gnu11;
				GCC_NO_COMMON_BLOCKS = YES;
				GCC_WARN_64_TO_32_BIT_CONVERSION = YES;
				GCC_WARN_ABOUT_RETURN_TYPE = YES_ERROR;
				GCC_WARN_UNDECLARED_SELECTOR = YES;
				GCC_WARN_UNINITIALIZED_AUTOS = YES_AGGRESSIVE;
				GCC_WARN_UNUSED_FUNCTION = YES;
				GCC_WARN_UNUSED_VARIABLE = YES;
				IPHONEOS_DEPLOYMENT_TARGET = 14.4;
				MTL_ENABLE_DEBUG_INFO = NO;
				MTL_FAST_MATH = YES;
				SDKROOT = iphoneos;
				SWIFT_COMPILATION_MODE = wholemodule;
				SWIFT_OPTIMIZATION_LEVEL = "-O";
				VALIDATE_PRODUCT = YES;
			};
			name = Release;
		};
		F8E38D5827137A6900639F40 /* Debug */ = {
			isa = XCBuildConfiguration;
			buildSettings = {
				ASSETCATALOG_COMPILER_APPICON_NAME = AppIcon;
				ASSETCATALOG_COMPILER_GLOBAL_ACCENT_COLOR_NAME = AccentColor;
				CODE_SIGN_STYLE = Automatic;
				INFOPLIST_FILE = Todo/Info.plist;
				LD_RUNPATH_SEARCH_PATHS = (
					"$(inherited)",
					"@executable_path/Frameworks",
				);
				PRODUCT_BUNDLE_IDENTIFIER = com.bootcamp.Todo;
				PRODUCT_NAME = "$(TARGET_NAME)";
				SWIFT_VERSION = 5.0;
				TARGETED_DEVICE_FAMILY = "1,2";
			};
			name = Debug;
		};
		F8E38D5927137A6900639F40 /* Release */ = {
			isa = XCBuildConfiguration;
			buildSettings = {
				ASSETCATALOG_COMPILER_APPICON_NAME = AppIcon;
				ASSETCATALOG_COMPILER_GLOBAL_ACCENT_COLOR_NAME = AccentColor;
				CODE_SIGN_STYLE = Automatic;
				INFOPLIST_FILE = Todo/Info.plist;
				LD_RUNPATH_SEARCH_PATHS = (
					"$(inherited)",
					"@executable_path/Frameworks",
				);
				PRODUCT_BUNDLE_IDENTIFIER = com.bootcamp.Todo;
				PRODUCT_NAME = "$(TARGET_NAME)";
				SWIFT_VERSION = 5.0;
				TARGETED_DEVICE_FAMILY = "1,2";
			};
			name = Release;
		};
		F8E38D5B27137A6900639F40 /* Debug */ = {
			isa = XCBuildConfiguration;
			buildSettings = {
				ALWAYS_EMBED_SWIFT_STANDARD_LIBRARIES = YES;
				BUNDLE_LOADER = "$(TEST_HOST)";
				CODE_SIGN_STYLE = Automatic;
				INFOPLIST_FILE = TodoTests/Info.plist;
				IPHONEOS_DEPLOYMENT_TARGET = 14.4;
				LD_RUNPATH_SEARCH_PATHS = (
					"$(inherited)",
					"@executable_path/Frameworks",
					"@loader_path/Frameworks",
				);
				PRODUCT_BUNDLE_IDENTIFIER = com.bootcamp.TodoTests;
				PRODUCT_NAME = "$(TARGET_NAME)";
				SWIFT_VERSION = 5.0;
				TARGETED_DEVICE_FAMILY = "1,2";
				TEST_HOST = "$(BUILT_PRODUCTS_DIR)/Todo.app/Todo";
			};
			name = Debug;
		};
		F8E38D5C27137A6900639F40 /* Release */ = {
			isa = XCBuildConfiguration;
			buildSettings = {
				ALWAYS_EMBED_SWIFT_STANDARD_LIBRARIES = YES;
				BUNDLE_LOADER = "$(TEST_HOST)";
				CODE_SIGN_STYLE = Automatic;
				INFOPLIST_FILE = TodoTests/Info.plist;
				IPHONEOS_DEPLOYMENT_TARGET = 14.4;
				LD_RUNPATH_SEARCH_PATHS = (
					"$(inherited)",
					"@executable_path/Frameworks",
					"@loader_path/Frameworks",
				);
				PRODUCT_BUNDLE_IDENTIFIER = com.bootcamp.TodoTests;
				PRODUCT_NAME = "$(TARGET_NAME)";
				SWIFT_VERSION = 5.0;
				TARGETED_DEVICE_FAMILY = "1,2";
				TEST_HOST = "$(BUILT_PRODUCTS_DIR)/Todo.app/Todo";
			};
			name = Release;
		};
		F8E38D5E27137A6900639F40 /* Debug */ = {
			isa = XCBuildConfiguration;
			buildSettings = {
				ALWAYS_EMBED_SWIFT_STANDARD_LIBRARIES = YES;
				CODE_SIGN_STYLE = Automatic;
				INFOPLIST_FILE = TodoUITests/Info.plist;
				LD_RUNPATH_SEARCH_PATHS = (
					"$(inherited)",
					"@executable_path/Frameworks",
					"@loader_path/Frameworks",
				);
				PRODUCT_BUNDLE_IDENTIFIER = com.bootcamp.TodoUITests;
				PRODUCT_NAME = "$(TARGET_NAME)";
				SWIFT_VERSION = 5.0;
				TARGETED_DEVICE_FAMILY = "1,2";
				TEST_TARGET_NAME = Todo;
			};
			name = Debug;
		};
		F8E38D5F27137A6900639F40 /* Release */ = {
			isa = XCBuildConfiguration;
			buildSettings = {
				ALWAYS_EMBED_SWIFT_STANDARD_LIBRARIES = YES;
				CODE_SIGN_STYLE = Automatic;
				INFOPLIST_FILE = TodoUITests/Info.plist;
				LD_RUNPATH_SEARCH_PATHS = (
					"$(inherited)",
					"@executable_path/Frameworks",
					"@loader_path/Frameworks",
				);
				PRODUCT_BUNDLE_IDENTIFIER = com.bootcamp.TodoUITests;
				PRODUCT_NAME = "$(TARGET_NAME)";
				SWIFT_VERSION = 5.0;
				TARGETED_DEVICE_FAMILY = "1,2";
				TEST_TARGET_NAME = Todo;
			};
			name = Release;
		};
/* End XCBuildConfiguration section */

/* Begin XCConfigurationList section */
		F8E38D2527137A6800639F40 /* Build configuration list for PBXProject "Todo" */ = {
			isa = XCConfigurationList;
			buildConfigurations = (
				F8E38D5527137A6900639F40 /* Debug */,
				F8E38D5627137A6900639F40 /* Release */,
			);
			defaultConfigurationIsVisible = 0;
			defaultConfigurationName = Release;
		};
		F8E38D5727137A6900639F40 /* Build configuration list for PBXNativeTarget "Todo" */ = {
			isa = XCConfigurationList;
			buildConfigurations = (
				F8E38D5827137A6900639F40 /* Debug */,
				F8E38D5927137A6900639F40 /* Release */,
			);
			defaultConfigurationIsVisible = 0;
			defaultConfigurationName = Release;
		};
		F8E38D5A27137A6900639F40 /* Build configuration list for PBXNativeTarget "TodoTests" */ = {
			isa = XCConfigurationList;
			buildConfigurations = (
				F8E38D5B27137A6900639F40 /* Debug */,
				F8E38D5C27137A6900639F40 /* Release */,
			);
			defaultConfigurationIsVisible = 0;
			defaultConfigurationName = Release;
		};
		F8E38D5D27137A6900639F40 /* Build configuration list for PBXNativeTarget "TodoUITests" */ = {
			isa = XCConfigurationList;
			buildConfigurations = (
				F8E38D5E27137A6900639F40 /* Debug */,
				F8E38D5F27137A6900639F40 /* Release */,
			);
			defaultConfigurationIsVisible = 0;
			defaultConfigurationName = Release;
		};
/* End XCConfigurationList section */

/* Begin XCVersionGroup section */
		F8E38D3627137A6800639F40 /* Todo.xcdatamodeld */ = {
			isa = XCVersionGroup;
			children = (
				F8E38D3727137A6800639F40 /* Todo.xcdatamodel */,
			);
			currentVersion = F8E38D3727137A6800639F40 /* Todo.xcdatamodel */;
			path = Todo.xcdatamodeld;
			sourceTree = "<group>";
			versionGroupType = wrapper.xcdatamodel;
		};
/* End XCVersionGroup section */
	};
	rootObject = F8E38D2227137A6800639F40 /* Project object */;
}
